
Microsoft Visual Studio Solution File, Format Version 12.00
# Visual Studio 15
VisualStudioVersion = 15.0.28307.329
MinimumVisualStudioVersion = 10.0.40219.1
Project("{FAE04EC0-301F-11D3-BF4B-00C04F79EFBC}") = "HelloOldWorld", "HelloOldWorld\HelloOldWorld.csproj", "{83AAA82A-94F1-4ABE-9517-E7638A601D51}"
EndProject
Global
	GlobalSection(SolutionConfigurationPlatforms) = preSolution
		Debug|Any CPU = Debug|Any CPU
		Release|Any CPU = Release|Any CPU
	EndGlobalSection
	GlobalSection(ProjectConfigurationPlatforms) = postSolution
		{83AAA82A-94F1-4ABE-9517-E7638A601D51}.Debug|Any CPU.ActiveCfg = Debug|Any CPU
		{83AAA82A-94F1-4ABE-9517-E7638A601D51}.Debug|Any CPU.Build.0 = Debug|Any CPU
		{83AAA82A-94F1-4ABE-9517-E7638A601D51}.Release|Any CPU.ActiveCfg = Release|Any CPU
		{83AAA82A-94F1-4ABE-9517-E7638A601D51}.Release|Any CPU.Build.0 = Release|Any CPU
	EndGlobalSection
	GlobalSection(SolutionProperties) = preSolution
		HideSolutionNode = FALSE
	EndGlobalSection
	GlobalSection(ExtensibilityGlobals) = postSolution
		SolutionGuid = {3E4558FE-AE74-46B9-935B-54F709C295B0}
	EndGlobalSection
EndGlobal
